// !$*UTF8*$!
{
	archiveVersion = 1;
	classes = {
	};
	objectVersion = 50;
	objects = {

/* Begin PBXBuildFile section */
		E901F26D264B334C0027266D /* AppDelegate.swift in Sources */ = {isa = PBXBuildFile; fileRef = E901F26C264B334C0027266D /* AppDelegate.swift */; };
		E901F26F264B334C0027266D /* SceneDelegate.swift in Sources */ = {isa = PBXBuildFile; fileRef = E901F26E264B334C0027266D /* SceneDelegate.swift */; };
		E901F274264B334C0027266D /* Main.storyboard in Resources */ = {isa = PBXBuildFile; fileRef = E901F272264B334C0027266D /* Main.storyboard */; };
		E901F276264B334D0027266D /* Assets.xcassets in Resources */ = {isa = PBXBuildFile; fileRef = E901F275264B334D0027266D /* Assets.xcassets */; };
		E901F279264B334D0027266D /* LaunchScreen.storyboard in Resources */ = {isa = PBXBuildFile; fileRef = E901F277264B334D0027266D /* LaunchScreen.storyboard */; };
		E901F281264B338C0027266D /* TableViewController.swift in Sources */ = {isa = PBXBuildFile; fileRef = E901F280264B338C0027266D /* TableViewController.swift */; };
		E901F29E264B35830027266D /* Alamofire.framework in Frameworks */ = {isa = PBXBuildFile; fileRef = E901F28E264B35620027266D /* Alamofire.framework */; };
		E901F29F264B35830027266D /* Alamofire.framework in Embed Frameworks */ = {isa = PBXBuildFile; fileRef = E901F28E264B35620027266D /* Alamofire.framework */; settings = {ATTRIBUTES = (CodeSignOnCopy, RemoveHeadersOnCopy, ); }; };
		E901F2BA264B3E560027266D /* SwiftyJSON.framework in Frameworks */ = {isa = PBXBuildFile; fileRef = E901F2AD264B3E430027266D /* SwiftyJSON.framework */; };
		E901F2BB264B3E560027266D /* SwiftyJSON.framework in Embed Frameworks */ = {isa = PBXBuildFile; fileRef = E901F2AD264B3E430027266D /* SwiftyJSON.framework */; settings = {ATTRIBUTES = (CodeSignOnCopy, RemoveHeadersOnCopy, ); }; };
/* End PBXBuildFile section */

/* Begin PBXContainerItemProxy section */
		E901F28D264B35620027266D /* PBXContainerItemProxy */ = {
			isa = PBXContainerItemProxy;
			containerPortal = E901F282264B35620027266D /* Alamofire.xcodeproj */;
			proxyType = 2;
			remoteGlobalIDString = F8111E3319A95C8B0040E7D1;
			remoteInfo = "Alamofire iOS";
		};
		E901F28F264B35620027266D /* PBXContainerItemProxy */ = {
			isa = PBXContainerItemProxy;
			containerPortal = E901F282264B35620027266D /* Alamofire.xcodeproj */;
			proxyType = 2;
			remoteGlobalIDString = F8111E3E19A95C8B0040E7D1;
			remoteInfo = "Alamofire iOS Tests";
		};
		E901F291264B35620027266D /* PBXContainerItemProxy */ = {
			isa = PBXContainerItemProxy;
			containerPortal = E901F282264B35620027266D /* Alamofire.xcodeproj */;
			proxyType = 2;
			remoteGlobalIDString = 4DD67C0B1A5C55C900ED2280;
			remoteInfo = "Alamofire macOS";
		};
		E901F293264B35620027266D /* PBXContainerItemProxy */ = {
			isa = PBXContainerItemProxy;
			containerPortal = E901F282264B35620027266D /* Alamofire.xcodeproj */;
			proxyType = 2;
			remoteGlobalIDString = F829C6B21A7A94F100A2CD59;
			remoteInfo = "Alamofire macOS Tests";
		};
		E901F295264B35620027266D /* PBXContainerItemProxy */ = {
			isa = PBXContainerItemProxy;
			containerPortal = E901F282264B35620027266D /* Alamofire.xcodeproj */;
			proxyType = 2;
			remoteGlobalIDString = 4CF626EF1BA7CB3E0011A099;
			remoteInfo = "Alamofire tvOS";
		};
		E901F297264B35620027266D /* PBXContainerItemProxy */ = {
			isa = PBXContainerItemProxy;
			containerPortal = E901F282264B35620027266D /* Alamofire.xcodeproj */;
			proxyType = 2;
			remoteGlobalIDString = 4CF626F81BA7CB3E0011A099;
			remoteInfo = "Alamofire tvOS Tests";
		};
		E901F299264B35620027266D /* PBXContainerItemProxy */ = {
			isa = PBXContainerItemProxy;
			containerPortal = E901F282264B35620027266D /* Alamofire.xcodeproj */;
			proxyType = 2;
			remoteGlobalIDString = E4202FE01B667AA100C997FB;
			remoteInfo = "Alamofire watchOS";
		};
		E901F29B264B35620027266D /* PBXContainerItemProxy */ = {
			isa = PBXContainerItemProxy;
			containerPortal = E901F282264B35620027266D /* Alamofire.xcodeproj */;
			proxyType = 2;
			remoteGlobalIDString = 31293065263E17D600473CEA;
			remoteInfo = "Alamofire watchOS Tests";
		};
		E901F2AC264B3E430027266D /* PBXContainerItemProxy */ = {
			isa = PBXContainerItemProxy;
			containerPortal = E901F2A1264B3E430027266D /* SwiftyJSON.xcodeproj */;
			proxyType = 2;
			remoteGlobalIDString = 2E4FEFDB19575BE100351305;
			remoteInfo = "SwiftyJSON iOS";
		};
		E901F2AE264B3E430027266D /* PBXContainerItemProxy */ = {
			isa = PBXContainerItemProxy;
			containerPortal = E901F2A1264B3E430027266D /* SwiftyJSON.xcodeproj */;
			proxyType = 2;
			remoteGlobalIDString = 2E4FEFE619575BE100351305;
			remoteInfo = "SwiftyJSON iOS Tests";
		};
		E901F2B0264B3E430027266D /* PBXContainerItemProxy */ = {
			isa = PBXContainerItemProxy;
			containerPortal = E901F2A1264B3E430027266D /* SwiftyJSON.xcodeproj */;
			proxyType = 2;
			remoteGlobalIDString = 9C7DFC5B1A9102BD005AA3F7;
			remoteInfo = "SwiftyJSON macOS";
		};
		E901F2B2264B3E430027266D /* PBXContainerItemProxy */ = {
			isa = PBXContainerItemProxy;
			containerPortal = E901F2A1264B3E430027266D /* SwiftyJSON.xcodeproj */;
			proxyType = 2;
			remoteGlobalIDString = 9C7DFC651A9102BD005AA3F7;
			remoteInfo = "SwiftyJSON macOS Tests";
		};
		E901F2B4264B3E430027266D /* PBXContainerItemProxy */ = {
			isa = PBXContainerItemProxy;
			containerPortal = E901F2A1264B3E430027266D /* SwiftyJSON.xcodeproj */;
			proxyType = 2;
			remoteGlobalIDString = E4D7CCE81B9465A700EE7221;
			remoteInfo = "SwiftyJSON watchOS";
		};
		E901F2B6264B3E430027266D /* PBXContainerItemProxy */ = {
			isa = PBXContainerItemProxy;
			containerPortal = E901F2A1264B3E430027266D /* SwiftyJSON.xcodeproj */;
			proxyType = 2;
			remoteGlobalIDString = 7236B4F61BAC14150020529B;
			remoteInfo = "SwiftyJSON tvOS";
		};
		E901F2B8264B3E430027266D /* PBXContainerItemProxy */ = {
			isa = PBXContainerItemProxy;
			containerPortal = E901F2A1264B3E430027266D /* SwiftyJSON.xcodeproj */;
			proxyType = 2;
			remoteGlobalIDString = A8580F741BCF5C5B00DA927B;
			remoteInfo = "SwiftyJSON tvOS Tests";
		};
/* End PBXContainerItemProxy section */

/* Begin PBXCopyFilesBuildPhase section */
		E901F2A0264B35830027266D /* Embed Frameworks */ = {
			isa = PBXCopyFilesBuildPhase;
			buildActionMask = 2147483647;
			dstPath = "";
			dstSubfolderSpec = 10;
			files = (
				E901F2BB264B3E560027266D /* SwiftyJSON.framework in Embed Frameworks */,
				E901F29F264B35830027266D /* Alamofire.framework in Embed Frameworks */,
			);
			name = "Embed Frameworks";
			runOnlyForDeploymentPostprocessing = 0;
		};
/* End PBXCopyFilesBuildPhase section */

/* Begin PBXFileReference section */
		E901F269264B334C0027266D /* valute parse.app */ = {isa = PBXFileReference; explicitFileType = wrapper.application; includeInIndex = 0; path = "valute parse.app"; sourceTree = BUILT_PRODUCTS_DIR; };
		E901F26C264B334C0027266D /* AppDelegate.swift */ = {isa = PBXFileReference; lastKnownFileType = sourcecode.swift; path = AppDelegate.swift; sourceTree = "<group>"; };
		E901F26E264B334C0027266D /* SceneDelegate.swift */ = {isa = PBXFileReference; lastKnownFileType = sourcecode.swift; path = SceneDelegate.swift; sourceTree = "<group>"; };
		E901F273264B334C0027266D /* Base */ = {isa = PBXFileReference; lastKnownFileType = file.storyboard; name = Base; path = Base.lproj/Main.storyboard; sourceTree = "<group>"; };
		E901F275264B334D0027266D /* Assets.xcassets */ = {isa = PBXFileReference; lastKnownFileType = folder.assetcatalog; path = Assets.xcassets; sourceTree = "<group>"; };
		E901F278264B334D0027266D /* Base */ = {isa = PBXFileReference; lastKnownFileType = file.storyboard; name = Base; path = Base.lproj/LaunchScreen.storyboard; sourceTree = "<group>"; };
		E901F27A264B334D0027266D /* Info.plist */ = {isa = PBXFileReference; lastKnownFileType = text.plist.xml; path = Info.plist; sourceTree = "<group>"; };
		E901F280264B338C0027266D /* TableViewController.swift */ = {isa = PBXFileReference; lastKnownFileType = sourcecode.swift; path = TableViewController.swift; sourceTree = "<group>"; };
		E901F282264B35620027266D /* Alamofire.xcodeproj */ = {isa = PBXFileReference; lastKnownFileType = "wrapper.pb-project"; name = Alamofire.xcodeproj; path = "Alamofire-master/Alamofire.xcodeproj"; sourceTree = "<group>"; };
		E901F2A1264B3E430027266D /* SwiftyJSON.xcodeproj */ = {isa = PBXFileReference; lastKnownFileType = "wrapper.pb-project"; name = SwiftyJSON.xcodeproj; path = "../coins parse/SwiftyJSON-master/SwiftyJSON.xcodeproj"; sourceTree = "<group>"; };
/* End PBXFileReference section */

/* Begin PBXFrameworksBuildPhase section */
		E901F266264B334C0027266D /* Frameworks */ = {
			isa = PBXFrameworksBuildPhase;
			buildActionMask = 2147483647;
			files = (
				E901F2BA264B3E560027266D /* SwiftyJSON.framework in Frameworks */,
				E901F29E264B35830027266D /* Alamofire.framework in Frameworks */,
			);
			runOnlyForDeploymentPostprocessing = 0;
		};
/* End PBXFrameworksBuildPhase section */

/* Begin PBXGroup section */
		E901F260264B334C0027266D = {
			isa = PBXGroup;
			children = (
				E901F2A1264B3E430027266D /* SwiftyJSON.xcodeproj */,
				E901F282264B35620027266D /* Alamofire.xcodeproj */,
				E901F26B264B334C0027266D /* valute parse */,
				E901F26A264B334C0027266D /* Products */,
				E901F29D264B35830027266D /* Frameworks */,
			);
			sourceTree = "<group>";
		};
		E901F26A264B334C0027266D /* Products */ = {
			isa = PBXGroup;
			children = (
				E901F269264B334C0027266D /* valute parse.app */,
			);
			name = Products;
			sourceTree = "<group>";
		};
		E901F26B264B334C0027266D /* valute parse */ = {
			isa = PBXGroup;
			children = (
				E901F26C264B334C0027266D /* AppDelegate.swift */,
				E901F26E264B334C0027266D /* SceneDelegate.swift */,
				E901F272264B334C0027266D /* Main.storyboard */,
				E901F280264B338C0027266D /* TableViewController.swift */,
				E901F275264B334D0027266D /* Assets.xcassets */,
				E901F277264B334D0027266D /* LaunchScreen.storyboard */,
				E901F27A264B334D0027266D /* Info.plist */,
			);
			path = "valute parse";
			sourceTree = "<group>";
		};
		E901F283264B35620027266D /* Products */ = {
			isa = PBXGroup;
			children = (
				E901F28E264B35620027266D /* Alamofire.framework */,
				E901F290264B35620027266D /* Alamofire iOS Tests.xctest */,
				E901F292264B35620027266D /* Alamofire.framework */,
				E901F294264B35620027266D /* Alamofire macOS Tests.xctest */,
				E901F296264B35620027266D /* Alamofire.framework */,
				E901F298264B35620027266D /* Alamofire tvOS Tests.xctest */,
				E901F29A264B35620027266D /* Alamofire.framework */,
				E901F29C264B35620027266D /* Alamofire watchOS Tests.xctest */,
			);
			name = Products;
			sourceTree = "<group>";
		};
		E901F29D264B35830027266D /* Frameworks */ = {
			isa = PBXGroup;
			children = (
			);
			name = Frameworks;
			sourceTree = "<group>";
		};
		E901F2A2264B3E430027266D /* Products */ = {
			isa = PBXGroup;
			children = (
				E901F2AD264B3E430027266D /* SwiftyJSON.framework */,
				E901F2AF264B3E430027266D /* SwiftyJSON iOS Tests.xctest */,
				E901F2B1264B3E430027266D /* SwiftyJSON.framework */,
				E901F2B3264B3E430027266D /* SwiftyJSON macOS Tests.xctest */,
				E901F2B5264B3E430027266D /* SwiftyJSON.framework */,
				E901F2B7264B3E430027266D /* SwiftyJSON.framework */,
				E901F2B9264B3E430027266D /* SwiftyJSON tvOS Tests.xctest */,
			);
			name = Products;
			sourceTree = "<group>";
		};
/* End PBXGroup section */

/* Begin PBXNativeTarget section */
		E901F268264B334C0027266D /* valute parse */ = {
			isa = PBXNativeTarget;
			buildConfigurationList = E901F27D264B334D0027266D /* Build configuration list for PBXNativeTarget "valute parse" */;
			buildPhases = (
				E901F265264B334C0027266D /* Sources */,
				E901F266264B334C0027266D /* Frameworks */,
				E901F267264B334C0027266D /* Resources */,
				E901F2A0264B35830027266D /* Embed Frameworks */,
			);
			buildRules = (
			);
			dependencies = (
			);
			name = "valute parse";
			productName = "valute parse";
			productReference = E901F269264B334C0027266D /* valute parse.app */;
			productType = "com.apple.product-type.application";
		};
/* End PBXNativeTarget section */

/* Begin PBXProject section */
		E901F261264B334C0027266D /* Project object */ = {
			isa = PBXProject;
			attributes = {
				LastSwiftUpdateCheck = 1250;
				LastUpgradeCheck = 1250;
				TargetAttributes = {
					E901F268264B334C0027266D = {
						CreatedOnToolsVersion = 12.5;
					};
				};
			};
			buildConfigurationList = E901F264264B334C0027266D /* Build configuration list for PBXProject "valute parse" */;
			compatibilityVersion = "Xcode 9.3";
			developmentRegion = en;
			hasScannedForEncodings = 0;
			knownRegions = (
				en,
				Base,
			);
			mainGroup = E901F260264B334C0027266D;
			productRefGroup = E901F26A264B334C0027266D /* Products */;
			projectDirPath = "";
			projectReferences = (
				{
					ProductGroup = E901F283264B35620027266D /* Products */;
					ProjectRef = E901F282264B35620027266D /* Alamofire.xcodeproj */;
				},
				{
					ProductGroup = E901F2A2264B3E430027266D /* Products */;
					ProjectRef = E901F2A1264B3E430027266D /* SwiftyJSON.xcodeproj */;
				},
			);
			projectRoot = "";
			targets = (
				E901F268264B334C0027266D /* valute parse */,
			);
		};
/* End PBXProject section */

/* Begin PBXReferenceProxy section */
		E901F28E264B35620027266D /* Alamofire.framework */ = {
			isa = PBXReferenceProxy;
			fileType = wrapper.framework;
			path = Alamofire.framework;
			remoteRef = E901F28D264B35620027266D /* PBXContainerItemProxy */;
			sourceTree = BUILT_PRODUCTS_DIR;
		};
		E901F290264B35620027266D /* Alamofire iOS Tests.xctest */ = {
			isa = PBXReferenceProxy;
			fileType = wrapper.cfbundle;
			path = "Alamofire iOS Tests.xctest";
			remoteRef = E901F28F264B35620027266D /* PBXContainerItemProxy */;
			sourceTree = BUILT_PRODUCTS_DIR;
		};
		E901F292264B35620027266D /* Alamofire.framework */ = {
			isa = PBXReferenceProxy;
			fileType = wrapper.framework;
			path = Alamofire.framework;
			remoteRef = E901F291264B35620027266D /* PBXContainerItemProxy */;
			sourceTree = BUILT_PRODUCTS_DIR;
		};
		E901F294264B35620027266D /* Alamofire macOS Tests.xctest */ = {
			isa = PBXReferenceProxy;
			fileType = wrapper.cfbundle;
			path = "Alamofire macOS Tests.xctest";
			remoteRef = E901F293264B35620027266D /* PBXContainerItemProxy */;
			sourceTree = BUILT_PRODUCTS_DIR;
		};
		E901F296264B35620027266D /* Alamofire.framework */ = {
			isa = PBXReferenceProxy;
			fileType = wrapper.framework;
			path = Alamofire.framework;
			remoteRef = E901F295264B35620027266D /* PBXContainerItemProxy */;
			sourceTree = BUILT_PRODUCTS_DIR;
		};
		E901F298264B35620027266D /* Alamofire tvOS Tests.xctest */ = {
			isa = PBXReferenceProxy;
			fileType = wrapper.cfbundle;
			path = "Alamofire tvOS Tests.xctest";
			remoteRef = E901F297264B35620027266D /* PBXContainerItemProxy */;
			sourceTree = BUILT_PRODUCTS_DIR;
		};
		E901F29A264B35620027266D /* Alamofire.framework */ = {
			isa = PBXReferenceProxy;
			fileType = wrapper.framework;
			path = Alamofire.framework;
			remoteRef = E901F299264B35620027266D /* PBXContainerItemProxy */;
			sourceTree = BUILT_PRODUCTS_DIR;
		};
		E901F29C264B35620027266D /* Alamofire watchOS Tests.xctest */ = {
			isa = PBXReferenceProxy;
			fileType = wrapper.cfbundle;
			path = "Alamofire watchOS Tests.xctest";
			remoteRef = E901F29B264B35620027266D /* PBXContainerItemProxy */;
			sourceTree = BUILT_PRODUCTS_DIR;
		};
		E901F2AD264B3E430027266D /* SwiftyJSON.framework */ = {
			isa = PBXReferenceProxy;
			fileType = wrapper.framework;
			path = SwiftyJSON.framework;
			remoteRef = E901F2AC264B3E430027266D /* PBXContainerItemProxy */;
			sourceTree = BUILT_PRODUCTS_DIR;
		};
		E901F2AF264B3E430027266D /* SwiftyJSON iOS Tests.xctest */ = {
			isa = PBXReferenceProxy;
			fileType = wrapper.cfbundle;
			path = "SwiftyJSON iOS Tests.xctest";
			remoteRef = E901F2AE264B3E430027266D /* PBXContainerItemProxy */;
			sourceTree = BUILT_PRODUCTS_DIR;
		};
		E901F2B1264B3E430027266D /* SwiftyJSON.framework */ = {
			isa = PBXReferenceProxy;
			fileType = wrapper.framework;
			path = SwiftyJSON.framework;
			remoteRef = E901F2B0264B3E430027266D /* PBXContainerItemProxy */;
			sourceTree = BUILT_PRODUCTS_DIR;
		};
		E901F2B3264B3E430027266D /* SwiftyJSON macOS Tests.xctest */ = {
			isa = PBXReferenceProxy;
			fileType = wrapper.cfbundle;
			path = "SwiftyJSON macOS Tests.xctest";
			remoteRef = E901F2B2264B3E430027266D /* PBXContainerItemProxy */;
			sourceTree = BUILT_PRODUCTS_DIR;
		};
		E901F2B5264B3E430027266D /* SwiftyJSON.framework */ = {
			isa = PBXReferenceProxy;
			fileType = wrapper.framework;
			path = SwiftyJSON.framework;
			remoteRef = E901F2B4264B3E430027266D /* PBXContainerItemProxy */;
			sourceTree = BUILT_PRODUCTS_DIR;
		};
		E901F2B7264B3E430027266D /* SwiftyJSON.framework */ = {
			isa = PBXReferenceProxy;
			fileType = wrapper.framework;
			path = SwiftyJSON.framework;
			remoteRef = E901F2B6264B3E430027266D /* PBXContainerItemProxy */;
			sourceTree = BUILT_PRODUCTS_DIR;
		};
		E901F2B9264B3E430027266D /* SwiftyJSON tvOS Tests.xctest */ = {
			isa = PBXReferenceProxy;
			fileType = wrapper.cfbundle;
			path = "SwiftyJSON tvOS Tests.xctest";
			remoteRef = E901F2B8264B3E430027266D /* PBXContainerItemProxy */;
			sourceTree = BUILT_PRODUCTS_DIR;
		};
/* End PBXReferenceProxy section */

/* Begin PBXResourcesBuildPhase section */
		E901F267264B334C0027266D /* Resources */ = {
			isa = PBXResourcesBuildPhase;
			buildActionMask = 2147483647;
			files = (
				E901F279264B334D0027266D /* LaunchScreen.storyboard in Resources */,
				E901F276264B334D0027266D /* Assets.xcassets in Resources */,
				E901F274264B334C0027266D /* Main.storyboard in Resources */,
			);
			runOnlyForDeploymentPostprocessing = 0;
		};
/* End PBXResourcesBuildPhase section */

/* Begin PBXSourcesBuildPhase section */
		E901F265264B334C0027266D /* Sources */ = {
			isa = PBXSourcesBuildPhase;
			buildActionMask = 2147483647;
			files = (
				E901F26D264B334C0027266D /* AppDelegate.swift in Sources */,
				E901F26F264B334C0027266D /* SceneDelegate.swift in Sources */,
				E901F281264B338C0027266D /* TableViewController.swift in Sources */,
			);
			runOnlyForDeploymentPostprocessing = 0;
		};
/* End PBXSourcesBuildPhase section */

/* Begin PBXVariantGroup section */
		E901F272264B334C0027266D /* Main.storyboard */ = {
			isa = PBXVariantGroup;
			children = (
				E901F273264B334C0027266D /* Base */,
			);
			name = Main.storyboard;
			sourceTree = "<group>";
		};
		E901F277264B334D0027266D /* LaunchScreen.storyboard */ = {
			isa = PBXVariantGroup;
			children = (
				E901F278264B334D0027266D /* Base */,
			);
			name = LaunchScreen.storyboard;
			sourceTree = "<group>";
		};
/* End PBXVariantGroup section */

/* Begin XCBuildConfiguration section */
		E901F27B264B334D0027266D /* Debug */ = {
			isa = XCBuildConfiguration;
			buildSettings = {
				ALWAYS_SEARCH_USER_PATHS = NO;
				CLANG_ANALYZER_NONNULL = YES;
				CLANG_ANALYZER_NUMBER_OBJECT_CONVERSION = YES_AGGRESSIVE;
				CLANG_CXX_LANGUAGE_STANDARD = "gnu++14";
				CLANG_CXX_LIBRARY = "libc++";
				CLANG_ENABLE_MODULES = YES;
				CLANG_ENABLE_OBJC_ARC = YES;
				CLANG_ENABLE_OBJC_WEAK = YES;
				CLANG_WARN_BLOCK_CAPTURE_AUTORELEASING = YES;
				CLANG_WARN_BOOL_CONVERSION = YES;
				CLANG_WARN_COMMA = YES;
				CLANG_WARN_CONSTANT_CONVERSION = YES;
				CLANG_WARN_DEPRECATED_OBJC_IMPLEMENTATIONS = YES;
				CLANG_WARN_DIRECT_OBJC_ISA_USAGE = YES_ERROR;
				CLANG_WARN_DOCUMENTATION_COMMENTS = YES;
				CLANG_WARN_EMPTY_BODY = YES;
				CLANG_WARN_ENUM_CONVERSION = YES;
				CLANG_WARN_INFINITE_RECURSION = YES;
				CLANG_WARN_INT_CONVERSION = YES;
				CLANG_WARN_NON_LITERAL_NULL_CONVERSION = YES;
				CLANG_WARN_OBJC_IMPLICIT_RETAIN_SELF = YES;
				CLANG_WARN_OBJC_LITERAL_CONVERSION = YES;
				CLANG_WARN_OBJC_ROOT_CLASS = YES_ERROR;
				CLANG_WARN_QUOTED_INCLUDE_IN_FRAMEWORK_HEADER = YES;
				CLANG_WARN_RANGE_LOOP_ANALYSIS = YES;
				CLANG_WARN_STRICT_PROTOTYPES = YES;
				CLANG_WARN_SUSPICIOUS_MOVE = YES;
				CLANG_WARN_UNGUARDED_AVAILABILITY = YES_AGGRESSIVE;
				CLANG_WARN_UNREACHABLE_CODE = YES;
				CLANG_WARN__DUPLICATE_METHOD_MATCH = YES;
				COPY_PHASE_STRIP = NO;
				DEBUG_INFORMATION_FORMAT = dwarf;
				ENABLE_STRICT_OBJC_MSGSEND = YES;
				ENABLE_TESTABILITY = YES;
				GCC_C_LANGUAGE_STANDARD = gnu11;
				GCC_DYNAMIC_NO_PIC = NO;
				GCC_NO_COMMON_BLOCKS = YES;
				GCC_OPTIMIZATION_LEVEL = 0;
				GCC_PREPROCESSOR_DEFINITIONS = (
					"DEBUG=1",
					"$(inherited)",
				);
				GCC_WARN_64_TO_32_BIT_CONVERSION = YES;
				GCC_WARN_ABOUT_RETURN_TYPE = YES_ERROR;
				GCC_WARN_UNDECLARED_SELECTOR = YES;
				GCC_WARN_UNINITIALIZED_AUTOS = YES_AGGRESSIVE;
				GCC_WARN_UNUSED_FUNCTION = YES;
				GCC_WARN_UNUSED_VARIABLE = YES;
				IPHONEOS_DEPLOYMENT_TARGET = 14.5;
				MTL_ENABLE_DEBUG_INFO = INCLUDE_SOURCE;
				MTL_FAST_MATH = YES;
				ONLY_ACTIVE_ARCH = YES;
				SDKROOT = iphoneos;
				SWIFT_ACTIVE_COMPILATION_CONDITIONS = DEBUG;
				SWIFT_OPTIMIZATION_LEVEL = "-Onone";
			};
			name = Debug;
		};
		E901F27C264B334D0027266D /* Release */ = {
			isa = XCBuildConfiguration;
			buildSettings = {
				ALWAYS_SEARCH_USER_PATHS = NO;
				CLANG_ANALYZER_NONNULL = YES;
				CLANG_ANALYZER_NUMBER_OBJECT_CONVERSION = YES_AGGRESSIVE;
				CLANG_CXX_LANGUAGE_STANDARD = "gnu++14";
				CLANG_CXX_LIBRARY = "libc++";
				CLANG_ENABLE_MODULES = YES;
				CLANG_ENABLE_OBJC_ARC = YES;
				CLANG_ENABLE_OBJC_WEAK = YES;
				CLANG_WARN_BLOCK_CAPTURE_AUTORELEASING = YES;
				CLANG_WARN_BOOL_CONVERSION = YES;
				CLANG_WARN_COMMA = YES;
				CLANG_WARN_CONSTANT_CONVERSION = YES;
				CLANG_WARN_DEPRECATED_OBJC_IMPLEMENTATIONS = YES;
				CLANG_WARN_DIRECT_OBJC_ISA_USAGE = YES_ERROR;
				CLANG_WARN_DOCUMENTATION_COMMENTS = YES;
				CLANG_WARN_EMPTY_BODY = YES;
				CLANG_WARN_ENUM_CONVERSION = YES;
				CLANG_WARN_INFINITE_RECURSION = YES;
				CLANG_WARN_INT_CONVERSION = YES;
				CLANG_WARN_NON_LITERAL_NULL_CONVERSION = YES;
				CLANG_WARN_OBJC_IMPLICIT_RETAIN_SELF = YES;
				CLANG_WARN_OBJC_LITERAL_CONVERSION = YES;
				CLANG_WARN_OBJC_ROOT_CLASS = YES_ERROR;
				CLANG_WARN_QUOTED_INCLUDE_IN_FRAMEWORK_HEADER = YES;
				CLANG_WARN_RANGE_LOOP_ANALYSIS = YES;
				CLANG_WARN_STRICT_PROTOTYPES = YES;
				CLANG_WARN_SUSPICIOUS_MOVE = YES;
				CLANG_WARN_UNGUARDED_AVAILABILITY = YES_AGGRESSIVE;
				CLANG_WARN_UNREACHABLE_CODE = YES;
				CLANG_WARN__DUPLICATE_METHOD_MATCH = YES;
				COPY_PHASE_STRIP = NO;
				DEBUG_INFORMATION_FORMAT = "dwarf-with-dsym";
				ENABLE_NS_ASSERTIONS = NO;
				ENABLE_STRICT_OBJC_MSGSEND = YES;
				GCC_C_LANGUAGE_STANDARD = gnu11;
				GCC_NO_COMMON_BLOCKS = YES;
				GCC_WARN_64_TO_32_BIT_CONVERSION = YES;
				GCC_WARN_ABOUT_RETURN_TYPE = YES_ERROR;
				GCC_WARN_UNDECLARED_SELECTOR = YES;
				GCC_WARN_UNINITIALIZED_AUTOS = YES_AGGRESSIVE;
				GCC_WARN_UNUSED_FUNCTION = YES;
				GCC_WARN_UNUSED_VARIABLE = YES;
				IPHONEOS_DEPLOYMENT_TARGET = 14.5;
				MTL_ENABLE_DEBUG_INFO = NO;
				MTL_FAST_MATH = YES;
				SDKROOT = iphoneos;
				SWIFT_COMPILATION_MODE = wholemodule;
				SWIFT_OPTIMIZATION_LEVEL = "-O";
				VALIDATE_PRODUCT = YES;
			};
			name = Release;
		};
		E901F27E264B334D0027266D /* Debug */ = {
			isa = XCBuildConfiguration;
			buildSettings = {
				ASSETCATALOG_COMPILER_APPICON_NAME = AppIcon;
				ASSETCATALOG_COMPILER_GLOBAL_ACCENT_COLOR_NAME = AccentColor;
				CODE_SIGN_STYLE = Automatic;
				INFOPLIST_FILE = "valute parse/Info.plist";
				LD_RUNPATH_SEARCH_PATHS = (
					"$(inherited)",
					"@executable_path/Frameworks",
				);
				PRODUCT_BUNDLE_IDENTIFIER = "MCDMX.valute-parse";
				PRODUCT_NAME = "$(TARGET_NAME)";
				SWIFT_VERSION = 5.0;
				TARGETED_DEVICE_FAMILY = "1,2";
			};
			name = Debug;
		};
		E901F27F264B334D0027266D /* Release */ = {
			isa = XCBuildConfiguration;
			buildSettings = {
				ASSETCATALOG_COMPILER_APPICON_NAME = AppIcon;
				ASSETCATALOG_COMPILER_GLOBAL_ACCENT_COLOR_NAME = AccentColor;
				CODE_SIGN_STYLE = Automatic;
				INFOPLIST_FILE = "valute parse/Info.plist";
				LD_RUNPATH_SEARCH_PATHS = (
					"$(inherited)",
					"@executable_path/Frameworks",
				);
				PRODUCT_BUNDLE_IDENTIFIER = "MCDMX.valute-parse";
				PRODUCT_NAME = "$(TARGET_NAME)";
				SWIFT_VERSION = 5.0;
				TARGETED_DEVICE_FAMILY = "1,2";
			};
			name = Release;
		};
/* End XCBuildConfiguration section */

/* Begin XCConfigurationList section */
		E901F264264B334C0027266D /* Build configuration list for PBXProject "valute parse" */ = {
			isa = XCConfigurationList;
			buildConfigurations = (
				E901F27B264B334D0027266D /* Debug */,
				E901F27C264B334D0027266D /* Release */,
			);
			defaultConfigurationIsVisible = 0;
			defaultConfigurationName = Release;
		};
		E901F27D264B334D0027266D /* Build configuration list for PBXNativeTarget "valute parse" */ = {
			isa = XCConfigurationList;
			buildConfigurations = (
				E901F27E264B334D0027266D /* Debug */,
				E901F27F264B334D0027266D /* Release */,
			);
			defaultConfigurationIsVisible = 0;
			defaultConfigurationName = Release;
		};
/* End XCConfigurationList section */
	};
	rootObject = E901F261264B334C0027266D /* Project object */;
}
